
Microsoft Visual Studio Solution File, Format Version 12.00
# Visual Studio 2013
VisualStudioVersion = 12.0.21005.1
MinimumVisualStudioVersion = 10.0.40219.1
Project("{FAE04EC0-301F-11D3-BF4B-00C04F79EFBC}") = "windows7-midi-mapper", "windows7-midi-mapper.csproj", "{2E089467-871A-49EF-8018-BC0CCCB1AE9D}"
EndProject
Global
	GlobalSection(SolutionConfigurationPlatforms) = preSolution
		Debug|Any CPU = Debug|Any CPU
		Release|Any CPU = Release|Any CPU
	EndGlobalSection
	GlobalSection(ProjectConfigurationPlatforms) = postSolution
		{2E089467-871A-49EF-8018-BC0CCCB1AE9D}.Debug|Any CPU.ActiveCfg = Debug|Any CPU
		{2E089467-871A-49EF-8018-BC0CCCB1AE9D}.Debug|Any CPU.Build.0 = Debug|Any CPU
		{2E089467-871A-49EF-8018-BC0CCCB1AE9D}.Release|Any CPU.ActiveCfg = Release|Any CPU
		{2E089467-871A-49EF-8018-BC0CCCB1AE9D}.Release|Any CPU.Build.0 = Release|Any CPU
	EndGlobalSection
	GlobalSection(SolutionProperties) = preSolution
		HideSolutionNode = FALSE
	EndGlobalSection
EndGlobal
